<?xml version="1.0" encoding="utf-8"?>
<Project ToolsVersion="4.0" xmlns="http://schemas.microsoft.com/developer/msbuild/2003">
  <ItemGroup>
    <ClCompile Include="소스.cpp" />
    <ClCompile Include="GameObject\status.cpp" />
    <ClCompile Include="GameObject\Player.cpp" />
    <ClCompile Include="GameObject\Boss.cpp" />
    <ClCompile Include="소스1.cpp" />
    <ClCompile Include="bullet.cpp" />
    <ClCompile Include="system\Renderer.cpp" />
    <ClCompile Include="stdafx.cpp" />
  </ItemGroup>
  <ItemGroup>
    <ClInclude Include="stdafx.h" />
    <ClInclude Include="GameObject\status.h" />
    <ClInclude Include="GameObject\Player.h" />
    <ClInclude Include="GameObject\Boss.h" />
    <ClInclude Include="system\definition.h" />
    <ClInclude Include="system\Renderer.h" />
    <ClInclude Include="system\Map.h" />
    <ClInclude Include="bullet.h" />
  </ItemGroup>
</Project>