<?xml version="1.0" encoding="utf-8"?>
<Project ToolsVersion="4.0" xmlns="http://schemas.microsoft.com/developer/msbuild/2003">
  <ItemGroup>
    <ClInclude Include="stdafx.h" />
    <ClInclude Include="Pramwork\core\subsystem\Graphics.h" />
    <ClInclude Include="Pramwork\core\subsystem\isubsystem.h" />
    <ClInclude Include="Pramwork\core\Context.h" />
    <ClInclude Include="Pramwork\core\Settings.h" />
    <ClInclude Include="Pramwork\core\Window.h" />
    <ClInclude Include="Pramwork\core\engine.h" />
    <ClInclude Include="Pramwork\core\D3D11\BasicData\Geometry.h" />
    <ClInclude Include="Pramwork\core\D3D11\BasicData\Vertex.h" />
    <ClInclude Include="Pramwork\core\D3D11\IAStage\VertexBuffer.h" />
    <ClInclude Include="Pramwork\core\D3D11\IAStage\IndexBuffer.h" />
    <ClInclude Include="Pramwork\core\D3D11\IAStage\InputLayout.h" />
    <ClInclude Include="Pramwork\core\D3D11\ShaderSatge\VertexShader.h" />
    <ClInclude Include="Pramwork\core\D3D11\D3D11_Helper.h" />
    <ClInclude Include="Pramwork\Utilty\FileSystem.h" />
  </ItemGroup>
  <ItemGroup>
    <ClCompile Include="stdafx.cpp" />
    <ClCompile Include="Main.cpp" />
    <ClCompile Include="Pramwork\core\subsystem\Graphics.cpp" />
    <ClCompile Include="Pramwork\core\Settings.cpp" />
    <ClCompile Include="Pramwork\core\engine.cpp" />
    <ClCompile Include="Pramwork\core\D3D11\BasicData\Vertex.cpp" />
    <ClCompile Include="Pramwork\core\D3D11\IAStage\VertexBuffer.cpp" />
    <ClCompile Include="Pramwork\core\D3D11\IAStage\Indexbuffer.cpp" />
    <ClCompile Include="Pramwork\core\D3D11\IAStage\InputLayout.cpp" />
    <ClCompile Include="Pramwork\core\D3D11\ShaderSatge\VertexShader.cpp" />
    <ClCompile Include="Pramwork\Utilty\FileSystem.cpp" />
  </ItemGroup>
  <ItemGroup>
    <None Include="Pramwork\core\D3D11\BasicData\Geometry.inl" />
  </ItemGroup>
</Project>